{
  "version": 4,
  "terraform_version": "1.15.1",
  "serial": 5,
  "lineage": "140050c0-1737-a728-2bc2-c91dd244a0a0",
  "outputs": {},
  "resources": [
    {
      "mode": "managed",
      "type": "digitalocean_droplet",
      "name": "app",
      "provider": "provider[\"registry.terraform.io/digitalocean/digitalocean\"]",
      "instances": [
        {
          "schema_version": 1,
          "attributes": {
            "backup_policy": [],
            "backups": false,
            "created_at": "2026-08-12T21:25:06Z",
            "disk": 25,
            "droplet_agent": null,
            "gpu_partition_mode": null,
            "graceful_shutdown": false,
            "id": "591967887",
            "image": "ubuntu-26-04-x64",
            "ipv4_address": "164.90.165.231",
            "ipv4_address_private": "10.114.0.3",
            "ipv6": true,
            "ipv6_address": "2a03:b0c0:3:f0:0:2:ccd3:0",
            "locked": false,
            "memory": 1024,
            "monitoring": true,
            "name": "dosey",
            "price_hourly": 0.00893,
            "price_monthly": 6,
            "private_networking": true,
            "public_networking": true,
            "region": "fra1",
            "resize_disk": true,
            "size": "s-1vcpu-1gb",
            "ssh_keys": [
              "fa:28:9e:ef:93:5c:92:6e:b9:39:31:83:d2:b7:a3:37"
            ],
            "status": "active",
            "tags": [
              "dosey"
            ],
            "timeouts": null,
            "urn": "do:droplet:591967887",
            "user_data": null,
            "vcpus": 1,
            "volume_ids": [],
            "vpc_uuid": "b69a50e6-fab3-4025-96fd-d3b01a443ce4"
          },
          "sensitive_attributes": [],
          "identity_schema_version": 0,
          "private": "eyJlMmJmYjczMC1lY2FhLTExZTYtOGY4OC0zNDM2M2JjN2M0YzAiOnsiY3JlYXRlIjozNjAwMDAwMDAwMDAwLCJkZWxldGUiOjYwMDAwMDAwMDAwLCJ1cGRhdGUiOjM2MDAwMDAwMDAwMDB9LCJzY2hlbWFfdmVyc2lvbiI6IjEifQ==",
          "dependencies": [
            "digitalocean_ssh_key.default"
          ]
        }
      ]
    },
    {
      "mode": "managed",
      "type": "digitalocean_firewall",
      "name": "app",
      "provider": "provider[\"registry.terraform.io/digitalocean/digitalocean\"]",
      "instances": [
        {
          "schema_version": 0,
          "attributes": {
            "created_at": "2026-08-12T21:25:38Z",
            "droplet_ids": [
              591967887
            ],
            "id": "1e91b18e-ee86-4d5a-b285-0bb69bc8e5fd",
            "inbound_rule": [
              {
                "port_range": "22",
                "protocol": "tcp",
                "source_addresses": [
                  "0.0.0.0/0",
                  "::/0"
                ],
                "source_droplet_ids": [],
                "source_kubernetes_ids": [],
                "source_load_balancer_uids": [],
                "source_tags": []
              },
              {
                "port_range": "443",
                "protocol": "tcp",
                "source_addresses": [
                  "0.0.0.0/0",
                  "::/0"
                ],
                "source_droplet_ids": [],
                "source_kubernetes_ids": [],
                "source_load_balancer_uids": [],
                "source_tags": []
              },
              {
                "port_range": "80",
                "protocol": "tcp",
                "source_addresses": [
                  "0.0.0.0/0",
                  "::/0"
                ],
                "source_droplet_ids": [],
                "source_kubernetes_ids": [],
                "source_load_balancer_uids": [],
                "source_tags": []
              }
            ],
            "name": "dosey-app",
            "outbound_rule": [
              {
                "destination_addresses": [
                  "0.0.0.0/0",
                  "::/0"
                ],
                "destination_droplet_ids": [],
                "destination_kubernetes_ids": [],
                "destination_load_balancer_uids": [],
                "destination_tags": [],
                "port_range": "",
                "protocol": "icmp"
              },
              {
                "destination_addresses": [
                  "0.0.0.0/0",
                  "::/0"
                ],
                "destination_droplet_ids": [],
                "destination_kubernetes_ids": [],
                "destination_load_balancer_uids": [],
                "destination_tags": [],
                "port_range": "1-65535",
                "protocol": "tcp"
              },
              {
                "destination_addresses": [
                  "0.0.0.0/0",
                  "::/0"
                ],
                "destination_droplet_ids": [],
                "destination_kubernetes_ids": [],
                "destination_load_balancer_uids": [],
                "destination_tags": [],
                "port_range": "1-65535",
                "protocol": "udp"
              }
            ],
            "pending_changes": [
              {
                "droplet_id": 591967887,
                "removing": false,
                "status": "waiting"
              }
            ],
            "status": "waiting",
            "tags": null
          },
          "sensitive_attributes": [],
          "identity_schema_version": 0,
          "private": "bnVsbA==",
          "dependencies": [
            "digitalocean_droplet.app",
            "digitalocean_ssh_key.default"
          ]
        }
      ]
    },
    {
      "mode": "managed",
      "type": "digitalocean_ssh_key",
      "name": "default",
      "provider": "provider[\"registry.terraform.io/digitalocean/digitalocean\"]",
      "instances": [
        {
          "schema_version": 0,
          "attributes": {
            "fingerprint": "fa:28:9e:ef:93:5c:92:6e:b9:39:31:83:d2:b7:a3:37",
            "id": "58457448",
            "name": "dosey",
            "public_key": "ssh-ed25519 AAAAC3NzaC1lZDI1NTE5AAAAID8/UUtm/LyF/nYK7S58F1RaaqOVi5uCwAyvtHRSQiST pulver@whiskers\n",
            "timeouts": null
          },
          "sensitive_attributes": [],
          "identity_schema_version": 0,
          "private": "eyJlMmJmYjczMC1lY2FhLTExZTYtOGY4OC0zNDM2M2JjN2M0YzAiOnsiY3JlYXRlIjoxMjAwMDAwMDAwMDB9fQ=="
        }
      ]
    }
  ],
  "check_results": null
}
